
Microsoft Visual Studio Solution File, Format Version 12.00
# Visual Studio Version 16
VisualStudioVersion = 16.0.30002.166
MinimumVisualStudioVersion = 10.0.40219.1
Project("{9A19103F-16F7-4668-BE54-9A1E7A4F7556}") = "DflatFileSourceScanner", "DflatFileSourceScanner\DflatFileSourceScanner.csproj", "{C3FA88D1-DFB8-47A5-BDEE-889A13B0361E}"
EndProject
Project("{9A19103F-16F7-4668-BE54-9A1E7A4F7556}") = "DflatCoreWPF", "DflatCoreWPF\DflatCoreWPF.csproj", "{34723496-2663-47B6-983F-92E4F03A1B15}"
EndProject
Project("{2150E333-8FDC-42A3-9474-1A3956D46DE8}") = "Databases", "Databases", "{64B6292E-330A-4D4D-997B-90994A78CD82}"
EndProject
Project("{2150E333-8FDC-42A3-9474-1A3956D46DE8}") = "WPFUI", "WPFUI", "{6ECC95DE-030C-4925-A786-A3446DEF1E96}"
EndProject
Project("{2150E333-8FDC-42A3-9474-1A3956D46DE8}") = "Organizer", "Organizer", "{350C17F8-4D41-499C-8868-44466680FE86}"
EndProject
Project("{9A19103F-16F7-4668-BE54-9A1E7A4F7556}") = "Dflat.Application", "Dflat.Application\Dflat.Application.csproj", "{5A9B7F30-3550-4DEF-815D-7D10EE32F6C8}"
EndProject
Project("{9A19103F-16F7-4668-BE54-9A1E7A4F7556}") = "Dflat.Data.EFCore", "Dflat.EFCore.DB\Dflat.Data.EFCore.csproj", "{64EA13AB-B7CA-4372-8EE9-910366DFBCB1}"
EndProject
Project("{2150E333-8FDC-42A3-9474-1A3956D46DE8}") = "Unit Tests", "Unit Tests", "{96BC55DD-EE49-4AAD-8030-16E1A2E0AF4B}"
EndProject
Project("{9A19103F-16F7-4668-BE54-9A1E7A4F7556}") = "Dflat.Application.UnitTests", "Dflat.Application.UnitTests\Dflat.Application.UnitTests.csproj", "{431BA10E-0972-4BB8-8F88-72F649E7348A}"
EndProject
Project("{2150E333-8FDC-42A3-9474-1A3956D46DE8}") = "Utilities", "Utilities", "{8F1159F8-7EB2-4BB3-9C9C-FDAC7C917033}"
EndProject
Global
	GlobalSection(SolutionConfigurationPlatforms) = preSolution
		Debug|Any CPU = Debug|Any CPU
		Debug|ARM = Debug|ARM
		Debug|x64 = Debug|x64
		Debug|x86 = Debug|x86
		Release|Any CPU = Release|Any CPU
		Release|ARM = Release|ARM
		Release|x64 = Release|x64
		Release|x86 = Release|x86
		Windows Debug|Any CPU = Windows Debug|Any CPU
		Windows Debug|ARM = Windows Debug|ARM
		Windows Debug|x64 = Windows Debug|x64
		Windows Debug|x86 = Windows Debug|x86
		Windows Release|Any CPU = Windows Release|Any CPU
		Windows Release|ARM = Windows Release|ARM
		Windows Release|x64 = Windows Release|x64
		Windows Release|x86 = Windows Release|x86
	EndGlobalSection
	GlobalSection(ProjectConfigurationPlatforms) = postSolution
		{C3FA88D1-DFB8-47A5-BDEE-889A13B0361E}.Debug|Any CPU.ActiveCfg = Debug|Any CPU
		{C3FA88D1-DFB8-47A5-BDEE-889A13B0361E}.Debug|Any CPU.Build.0 = Debug|Any CPU
		{C3FA88D1-DFB8-47A5-BDEE-889A13B0361E}.Debug|ARM.ActiveCfg = Debug|Any CPU
		{C3FA88D1-DFB8-47A5-BDEE-889A13B0361E}.Debug|ARM.Build.0 = Debug|Any CPU
		{C3FA88D1-DFB8-47A5-BDEE-889A13B0361E}.Debug|x64.ActiveCfg = Debug|Any CPU
		{C3FA88D1-DFB8-47A5-BDEE-889A13B0361E}.Debug|x64.Build.0 = Debug|Any CPU
		{C3FA88D1-DFB8-47A5-BDEE-889A13B0361E}.Debug|x86.ActiveCfg = Debug|Any CPU
		{C3FA88D1-DFB8-47A5-BDEE-889A13B0361E}.Debug|x86.Build.0 = Debug|Any CPU
		{C3FA88D1-DFB8-47A5-BDEE-889A13B0361E}.Release|Any CPU.ActiveCfg = Release|Any CPU
		{C3FA88D1-DFB8-47A5-BDEE-889A13B0361E}.Release|Any CPU.Build.0 = Release|Any CPU
		{C3FA88D1-DFB8-47A5-BDEE-889A13B0361E}.Release|ARM.ActiveCfg = Release|Any CPU
		{C3FA88D1-DFB8-47A5-BDEE-889A13B0361E}.Release|ARM.Build.0 = Release|Any CPU
		{C3FA88D1-DFB8-47A5-BDEE-889A13B0361E}.Release|x64.ActiveCfg = Release|Any CPU
		{C3FA88D1-DFB8-47A5-BDEE-889A13B0361E}.Release|x64.Build.0 = Release|Any CPU
		{C3FA88D1-DFB8-47A5-BDEE-889A13B0361E}.Release|x86.ActiveCfg = Release|Any CPU
		{C3FA88D1-DFB8-47A5-BDEE-889A13B0361E}.Release|x86.Build.0 = Release|Any CPU
		{C3FA88D1-DFB8-47A5-BDEE-889A13B0361E}.Windows Debug|Any CPU.ActiveCfg = Debug|Any CPU
		{C3FA88D1-DFB8-47A5-BDEE-889A13B0361E}.Windows Debug|Any CPU.Build.0 = Debug|Any CPU
		{C3FA88D1-DFB8-47A5-BDEE-889A13B0361E}.Windows Debug|ARM.ActiveCfg = Debug|Any CPU
		{C3FA88D1-DFB8-47A5-BDEE-889A13B0361E}.Windows Debug|ARM.Build.0 = Debug|Any CPU
		{C3FA88D1-DFB8-47A5-BDEE-889A13B0361E}.Windows Debug|x64.ActiveCfg = Debug|Any CPU
		{C3FA88D1-DFB8-47A5-BDEE-889A13B0361E}.Windows Debug|x64.Build.0 = Debug|Any CPU
		{C3FA88D1-DFB8-47A5-BDEE-889A13B0361E}.Windows Debug|x86.ActiveCfg = Debug|Any CPU
		{C3FA88D1-DFB8-47A5-BDEE-889A13B0361E}.Windows Debug|x86.Build.0 = Debug|Any CPU
		{C3FA88D1-DFB8-47A5-BDEE-889A13B0361E}.Windows Release|Any CPU.ActiveCfg = Release|Any CPU
		{C3FA88D1-DFB8-47A5-BDEE-889A13B0361E}.Windows Release|Any CPU.Build.0 = Release|Any CPU
		{C3FA88D1-DFB8-47A5-BDEE-889A13B0361E}.Windows Release|ARM.ActiveCfg = Release|Any CPU
		{C3FA88D1-DFB8-47A5-BDEE-889A13B0361E}.Windows Release|ARM.Build.0 = Release|Any CPU
		{C3FA88D1-DFB8-47A5-BDEE-889A13B0361E}.Windows Release|x64.ActiveCfg = Release|Any CPU
		{C3FA88D1-DFB8-47A5-BDEE-889A13B0361E}.Windows Release|x64.Build.0 = Release|Any CPU
		{C3FA88D1-DFB8-47A5-BDEE-889A13B0361E}.Windows Release|x86.ActiveCfg = Release|Any CPU
		{C3FA88D1-DFB8-47A5-BDEE-889A13B0361E}.Windows Release|x86.Build.0 = Release|Any CPU
		{34723496-2663-47B6-983F-92E4F03A1B15}.Debug|Any CPU.ActiveCfg = Debug|Any CPU
		{34723496-2663-47B6-983F-92E4F03A1B15}.Debug|Any CPU.Build.0 = Debug|Any CPU
		{34723496-2663-47B6-983F-92E4F03A1B15}.Debug|ARM.ActiveCfg = Debug|Any CPU
		{34723496-2663-47B6-983F-92E4F03A1B15}.Debug|ARM.Build.0 = Debug|Any CPU
		{34723496-2663-47B6-983F-92E4F03A1B15}.Debug|x64.ActiveCfg = Debug|Any CPU
		{34723496-2663-47B6-983F-92E4F03A1B15}.Debug|x64.Build.0 = Debug|Any CPU
		{34723496-2663-47B6-983F-92E4F03A1B15}.Debug|x86.ActiveCfg = Debug|Any CPU
		{34723496-2663-47B6-983F-92E4F03A1B15}.Debug|x86.Build.0 = Debug|Any CPU
		{34723496-2663-47B6-983F-92E4F03A1B15}.Release|Any CPU.ActiveCfg = Release|Any CPU
		{34723496-2663-47B6-983F-92E4F03A1B15}.Release|Any CPU.Build.0 = Release|Any CPU
		{34723496-2663-47B6-983F-92E4F03A1B15}.Release|ARM.ActiveCfg = Release|Any CPU
		{34723496-2663-47B6-983F-92E4F03A1B15}.Release|ARM.Build.0 = Release|Any CPU
		{34723496-2663-47B6-983F-92E4F03A1B15}.Release|x64.ActiveCfg = Release|Any CPU
		{34723496-2663-47B6-983F-92E4F03A1B15}.Release|x64.Build.0 = Release|Any CPU
		{34723496-2663-47B6-983F-92E4F03A1B15}.Release|x86.ActiveCfg = Release|Any CPU
		{34723496-2663-47B6-983F-92E4F03A1B15}.Release|x86.Build.0 = Release|Any CPU
		{34723496-2663-47B6-983F-92E4F03A1B15}.Windows Debug|Any CPU.ActiveCfg = Debug|Any CPU
		{34723496-2663-47B6-983F-92E4F03A1B15}.Windows Debug|Any CPU.Build.0 = Debug|Any CPU
		{34723496-2663-47B6-983F-92E4F03A1B15}.Windows Debug|ARM.ActiveCfg = Debug|Any CPU
		{34723496-2663-47B6-983F-92E4F03A1B15}.Windows Debug|ARM.Build.0 = Debug|Any CPU
		{34723496-2663-47B6-983F-92E4F03A1B15}.Windows Debug|x64.ActiveCfg = Debug|Any CPU
		{34723496-2663-47B6-983F-92E4F03A1B15}.Windows Debug|x64.Build.0 = Debug|Any CPU
		{34723496-2663-47B6-983F-92E4F03A1B15}.Windows Debug|x86.ActiveCfg = Debug|Any CPU
		{34723496-2663-47B6-983F-92E4F03A1B15}.Windows Debug|x86.Build.0 = Debug|Any CPU
		{34723496-2663-47B6-983F-92E4F03A1B15}.Windows Release|Any CPU.ActiveCfg = Release|Any CPU
		{34723496-2663-47B6-983F-92E4F03A1B15}.Windows Release|Any CPU.Build.0 = Release|Any CPU
		{34723496-2663-47B6-983F-92E4F03A1B15}.Windows Release|ARM.ActiveCfg = Release|Any CPU
		{34723496-2663-47B6-983F-92E4F03A1B15}.Windows Release|ARM.Build.0 = Release|Any CPU
		{34723496-2663-47B6-983F-92E4F03A1B15}.Windows Release|x64.ActiveCfg = Release|Any CPU
		{34723496-2663-47B6-983F-92E4F03A1B15}.Windows Release|x64.Build.0 = Release|Any CPU
		{34723496-2663-47B6-983F-92E4F03A1B15}.Windows Release|x86.ActiveCfg = Release|Any CPU
		{34723496-2663-47B6-983F-92E4F03A1B15}.Windows Release|x86.Build.0 = Release|Any CPU
		{5A9B7F30-3550-4DEF-815D-7D10EE32F6C8}.Debug|Any CPU.ActiveCfg = Debug|Any CPU
		{5A9B7F30-3550-4DEF-815D-7D10EE32F6C8}.Debug|Any CPU.Build.0 = Debug|Any CPU
		{5A9B7F30-3550-4DEF-815D-7D10EE32F6C8}.Debug|ARM.ActiveCfg = Debug|Any CPU
		{5A9B7F30-3550-4DEF-815D-7D10EE32F6C8}.Debug|ARM.Build.0 = Debug|Any CPU
		{5A9B7F30-3550-4DEF-815D-7D10EE32F6C8}.Debug|x64.ActiveCfg = Debug|Any CPU
		{5A9B7F30-3550-4DEF-815D-7D10EE32F6C8}.Debug|x64.Build.0 = Debug|Any CPU
		{5A9B7F30-3550-4DEF-815D-7D10EE32F6C8}.Debug|x86.ActiveCfg = Debug|Any CPU
		{5A9B7F30-3550-4DEF-815D-7D10EE32F6C8}.Debug|x86.Build.0 = Debug|Any CPU
		{5A9B7F30-3550-4DEF-815D-7D10EE32F6C8}.Release|Any CPU.ActiveCfg = Release|Any CPU
		{5A9B7F30-3550-4DEF-815D-7D10EE32F6C8}.Release|Any CPU.Build.0 = Release|Any CPU
		{5A9B7F30-3550-4DEF-815D-7D10EE32F6C8}.Release|ARM.ActiveCfg = Release|Any CPU
		{5A9B7F30-3550-4DEF-815D-7D10EE32F6C8}.Release|ARM.Build.0 = Release|Any CPU
		{5A9B7F30-3550-4DEF-815D-7D10EE32F6C8}.Release|x64.ActiveCfg = Release|Any CPU
		{5A9B7F30-3550-4DEF-815D-7D10EE32F6C8}.Release|x64.Build.0 = Release|Any CPU
		{5A9B7F30-3550-4DEF-815D-7D10EE32F6C8}.Release|x86.ActiveCfg = Release|Any CPU
		{5A9B7F30-3550-4DEF-815D-7D10EE32F6C8}.Release|x86.Build.0 = Release|Any CPU
		{5A9B7F30-3550-4DEF-815D-7D10EE32F6C8}.Windows Debug|Any CPU.ActiveCfg = Debug|Any CPU
		{5A9B7F30-3550-4DEF-815D-7D10EE32F6C8}.Windows Debug|Any CPU.Build.0 = Debug|Any CPU
		{5A9B7F30-3550-4DEF-815D-7D10EE32F6C8}.Windows Debug|ARM.ActiveCfg = Debug|Any CPU
		{5A9B7F30-3550-4DEF-815D-7D10EE32F6C8}.Windows Debug|ARM.Build.0 = Debug|Any CPU
		{5A9B7F30-3550-4DEF-815D-7D10EE32F6C8}.Windows Debug|x64.ActiveCfg = Debug|Any CPU
		{5A9B7F30-3550-4DEF-815D-7D10EE32F6C8}.Windows Debug|x64.Build.0 = Debug|Any CPU
		{5A9B7F30-3550-4DEF-815D-7D10EE32F6C8}.Windows Debug|x86.ActiveCfg = Debug|Any CPU
		{5A9B7F30-3550-4DEF-815D-7D10EE32F6C8}.Windows Debug|x86.Build.0 = Debug|Any CPU
		{5A9B7F30-3550-4DEF-815D-7D10EE32F6C8}.Windows Release|Any CPU.ActiveCfg = Release|Any CPU
		{5A9B7F30-3550-4DEF-815D-7D10EE32F6C8}.Windows Release|Any CPU.Build.0 = Release|Any CPU
		{5A9B7F30-3550-4DEF-815D-7D10EE32F6C8}.Windows Release|ARM.ActiveCfg = Release|Any CPU
		{5A9B7F30-3550-4DEF-815D-7D10EE32F6C8}.Windows Release|ARM.Build.0 = Release|Any CPU
		{5A9B7F30-3550-4DEF-815D-7D10EE32F6C8}.Windows Release|x64.ActiveCfg = Release|Any CPU
		{5A9B7F30-3550-4DEF-815D-7D10EE32F6C8}.Windows Release|x64.Build.0 = Release|Any CPU
		{5A9B7F30-3550-4DEF-815D-7D10EE32F6C8}.Windows Release|x86.ActiveCfg = Release|Any CPU
		{5A9B7F30-3550-4DEF-815D-7D10EE32F6C8}.Windows Release|x86.Build.0 = Release|Any CPU
		{64EA13AB-B7CA-4372-8EE9-910366DFBCB1}.Debug|Any CPU.ActiveCfg = Debug|Any CPU
		{64EA13AB-B7CA-4372-8EE9-910366DFBCB1}.Debug|Any CPU.Build.0 = Debug|Any CPU
		{64EA13AB-B7CA-4372-8EE9-910366DFBCB1}.Debug|ARM.ActiveCfg = Debug|Any CPU
		{64EA13AB-B7CA-4372-8EE9-910366DFBCB1}.Debug|ARM.Build.0 = Debug|Any CPU
		{64EA13AB-B7CA-4372-8EE9-910366DFBCB1}.Debug|x64.ActiveCfg = Debug|Any CPU
		{64EA13AB-B7CA-4372-8EE9-910366DFBCB1}.Debug|x64.Build.0 = Debug|Any CPU
		{64EA13AB-B7CA-4372-8EE9-910366DFBCB1}.Debug|x86.ActiveCfg = Debug|Any CPU
		{64EA13AB-B7CA-4372-8EE9-910366DFBCB1}.Debug|x86.Build.0 = Debug|Any CPU
		{64EA13AB-B7CA-4372-8EE9-910366DFBCB1}.Release|Any CPU.ActiveCfg = Release|Any CPU
		{64EA13AB-B7CA-4372-8EE9-910366DFBCB1}.Release|Any CPU.Build.0 = Release|Any CPU
		{64EA13AB-B7CA-4372-8EE9-910366DFBCB1}.Release|ARM.ActiveCfg = Release|Any CPU
		{64EA13AB-B7CA-4372-8EE9-910366DFBCB1}.Release|ARM.Build.0 = Release|Any CPU
		{64EA13AB-B7CA-4372-8EE9-910366DFBCB1}.Release|x64.ActiveCfg = Release|Any CPU
		{64EA13AB-B7CA-4372-8EE9-910366DFBCB1}.Release|x64.Build.0 = Release|Any CPU
		{64EA13AB-B7CA-4372-8EE9-910366DFBCB1}.Release|x86.ActiveCfg = Release|Any CPU
		{64EA13AB-B7CA-4372-8EE9-910366DFBCB1}.Release|x86.Build.0 = Release|Any CPU
		{64EA13AB-B7CA-4372-8EE9-910366DFBCB1}.Windows Debug|Any CPU.ActiveCfg = Debug|Any CPU
		{64EA13AB-B7CA-4372-8EE9-910366DFBCB1}.Windows Debug|Any CPU.Build.0 = Debug|Any CPU
		{64EA13AB-B7CA-4372-8EE9-910366DFBCB1}.Windows Debug|ARM.ActiveCfg = Debug|Any CPU
		{64EA13AB-B7CA-4372-8EE9-910366DFBCB1}.Windows Debug|ARM.Build.0 = Debug|Any CPU
		{64EA13AB-B7CA-4372-8EE9-910366DFBCB1}.Windows Debug|x64.ActiveCfg = Debug|Any CPU
		{64EA13AB-B7CA-4372-8EE9-910366DFBCB1}.Windows Debug|x64.Build.0 = Debug|Any CPU
		{64EA13AB-B7CA-4372-8EE9-910366DFBCB1}.Windows Debug|x86.ActiveCfg = Debug|Any CPU
		{64EA13AB-B7CA-4372-8EE9-910366DFBCB1}.Windows Debug|x86.Build.0 = Debug|Any CPU
		{64EA13AB-B7CA-4372-8EE9-910366DFBCB1}.Windows Release|Any CPU.ActiveCfg = Release|Any CPU
		{64EA13AB-B7CA-4372-8EE9-910366DFBCB1}.Windows Release|Any CPU.Build.0 = Release|Any CPU
		{64EA13AB-B7CA-4372-8EE9-910366DFBCB1}.Windows Release|ARM.ActiveCfg = Release|Any CPU
		{64EA13AB-B7CA-4372-8EE9-910366DFBCB1}.Windows Release|ARM.Build.0 = Release|Any CPU
		{64EA13AB-B7CA-4372-8EE9-910366DFBCB1}.Windows Release|x64.ActiveCfg = Release|Any CPU
		{64EA13AB-B7CA-4372-8EE9-910366DFBCB1}.Windows Release|x64.Build.0 = Release|Any CPU
		{64EA13AB-B7CA-4372-8EE9-910366DFBCB1}.Windows Release|x86.ActiveCfg = Release|Any CPU
		{64EA13AB-B7CA-4372-8EE9-910366DFBCB1}.Windows Release|x86.Build.0 = Release|Any CPU
		{431BA10E-0972-4BB8-8F88-72F649E7348A}.Debug|Any CPU.ActiveCfg = Debug|Any CPU
		{431BA10E-0972-4BB8-8F88-72F649E7348A}.Debug|Any CPU.Build.0 = Debug|Any CPU
		{431BA10E-0972-4BB8-8F88-72F649E7348A}.Debug|ARM.ActiveCfg = Debug|Any CPU
		{431BA10E-0972-4BB8-8F88-72F649E7348A}.Debug|ARM.Build.0 = Debug|Any CPU
		{431BA10E-0972-4BB8-8F88-72F649E7348A}.Debug|x64.ActiveCfg = Debug|Any CPU
		{431BA10E-0972-4BB8-8F88-72F649E7348A}.Debug|x64.Build.0 = Debug|Any CPU
		{431BA10E-0972-4BB8-8F88-72F649E7348A}.Debug|x86.ActiveCfg = Debug|Any CPU
		{431BA10E-0972-4BB8-8F88-72F649E7348A}.Debug|x86.Build.0 = Debug|Any CPU
		{431BA10E-0972-4BB8-8F88-72F649E7348A}.Release|Any CPU.ActiveCfg = Release|Any CPU
		{431BA10E-0972-4BB8-8F88-72F649E7348A}.Release|Any CPU.Build.0 = Release|Any CPU
		{431BA10E-0972-4BB8-8F88-72F649E7348A}.Release|ARM.ActiveCfg = Release|Any CPU
		{431BA10E-0972-4BB8-8F88-72F649E7348A}.Release|ARM.Build.0 = Release|Any CPU
		{431BA10E-0972-4BB8-8F88-72F649E7348A}.Release|x64.ActiveCfg = Release|Any CPU
		{431BA10E-0972-4BB8-8F88-72F649E7348A}.Release|x64.Build.0 = Release|Any CPU
		{431BA10E-0972-4BB8-8F88-72F649E7348A}.Release|x86.ActiveCfg = Release|Any CPU
		{431BA10E-0972-4BB8-8F88-72F649E7348A}.Release|x86.Build.0 = Release|Any CPU
		{431BA10E-0972-4BB8-8F88-72F649E7348A}.Windows Debug|Any CPU.ActiveCfg = Debug|Any CPU
		{431BA10E-0972-4BB8-8F88-72F649E7348A}.Windows Debug|Any CPU.Build.0 = Debug|Any CPU
		{431BA10E-0972-4BB8-8F88-72F649E7348A}.Windows Debug|ARM.ActiveCfg = Debug|Any CPU
		{431BA10E-0972-4BB8-8F88-72F649E7348A}.Windows Debug|ARM.Build.0 = Debug|Any CPU
		{431BA10E-0972-4BB8-8F88-72F649E7348A}.Windows Debug|x64.ActiveCfg = Debug|Any CPU
		{431BA10E-0972-4BB8-8F88-72F649E7348A}.Windows Debug|x64.Build.0 = Debug|Any CPU
		{431BA10E-0972-4BB8-8F88-72F649E7348A}.Windows Debug|x86.ActiveCfg = Debug|Any CPU
		{431BA10E-0972-4BB8-8F88-72F649E7348A}.Windows Debug|x86.Build.0 = Debug|Any CPU
		{431BA10E-0972-4BB8-8F88-72F649E7348A}.Windows Release|Any CPU.ActiveCfg = Release|Any CPU
		{431BA10E-0972-4BB8-8F88-72F649E7348A}.Windows Release|Any CPU.Build.0 = Release|Any CPU
		{431BA10E-0972-4BB8-8F88-72F649E7348A}.Windows Release|ARM.ActiveCfg = Release|Any CPU
		{431BA10E-0972-4BB8-8F88-72F649E7348A}.Windows Release|ARM.Build.0 = Release|Any CPU
		{431BA10E-0972-4BB8-8F88-72F649E7348A}.Windows Release|x64.ActiveCfg = Release|Any CPU
		{431BA10E-0972-4BB8-8F88-72F649E7348A}.Windows Release|x64.Build.0 = Release|Any CPU
		{431BA10E-0972-4BB8-8F88-72F649E7348A}.Windows Release|x86.ActiveCfg = Release|Any CPU
		{431BA10E-0972-4BB8-8F88-72F649E7348A}.Windows Release|x86.Build.0 = Release|Any CPU
	EndGlobalSection
	GlobalSection(SolutionProperties) = preSolution
		HideSolutionNode = FALSE
	EndGlobalSection
	GlobalSection(NestedProjects) = preSolution
		{C3FA88D1-DFB8-47A5-BDEE-889A13B0361E} = {8F1159F8-7EB2-4BB3-9C9C-FDAC7C917033}
		{34723496-2663-47B6-983F-92E4F03A1B15} = {6ECC95DE-030C-4925-A786-A3446DEF1E96}
		{5A9B7F30-3550-4DEF-815D-7D10EE32F6C8} = {350C17F8-4D41-499C-8868-44466680FE86}
		{64EA13AB-B7CA-4372-8EE9-910366DFBCB1} = {64B6292E-330A-4D4D-997B-90994A78CD82}
		{431BA10E-0972-4BB8-8F88-72F649E7348A} = {96BC55DD-EE49-4AAD-8030-16E1A2E0AF4B}
	EndGlobalSection
	GlobalSection(ExtensibilityGlobals) = postSolution
		SolutionGuid = {CC7075D2-4365-438D-BBDC-E6201D7D8552}
	EndGlobalSection
	GlobalSection(MonoDevelopProperties) = preSolution
		StartupItem = DflatFileSourceScanner\DflatFileSourceScanner.csproj
	EndGlobalSection
EndGlobal
