
Microsoft Visual Studio Solution File, Format Version 12.00
# Visual Studio Version 16
VisualStudioVersion = 16.0.30002.166
MinimumVisualStudioVersion = 10.0.40219.1
Project("{FAE04EC0-301F-11D3-BF4B-00C04F79EFBC}") = "DflatFileSourceScanner", "DflatFileSourceScanner\DflatFileSourceScanner.csproj", "{C3FA88D1-DFB8-47A5-BDEE-889A13B0361E}"
EndProject
Project("{FAE04EC0-301F-11D3-BF4B-00C04F79EFBC}") = "DflatWPF", "DflatWPF\DflatWPF.csproj", "{0BF5A6C8-CF81-474C-BED6-E602561B9A06}"
EndProject
Project("{FAE04EC0-301F-11D3-BF4B-00C04F79EFBC}") = "Dflat.ViewModels", "Dflat.ViewModels\Dflat.ViewModels.csproj", "{59896E94-E635-4778-908F-491EF3F9CD9F}"
EndProject
Project("{FAE04EC0-301F-11D3-BF4B-00C04F79EFBC}") = "Tests.Business", "Tests.Business\Tests.Business.csproj", "{69B7ED5F-6E56-4C09-B488-BBC15D358625}"
EndProject
Project("{FAE04EC0-301F-11D3-BF4B-00C04F79EFBC}") = "Tests.EF6.DataAccess", "Tests.EF6.DataAccess\Tests.EF6.DataAccess.csproj", "{C93093CE-B5EE-47C5-B0F3-CAE2841ABB46}"
EndProject
Project("{FAE04EC0-301F-11D3-BF4B-00C04F79EFBC}") = "Dflat.EF6.DataAccess", "Dflat.EF6.DataAccess\Dflat.EF6.DataAccess.csproj", "{C2439ABC-B2DB-4CE6-8F65-0B8C324D9F7C}"
EndProject
Project("{FAE04EC0-301F-11D3-BF4B-00C04F79EFBC}") = "Dflat.Business", "Dflat.Business\Dflat.Business.csproj", "{54D1BB8B-0B1A-4543-A47F-4E874221549C}"
EndProject
Project("{FAE04EC0-301F-11D3-BF4B-00C04F79EFBC}") = "Tests.ViewModels", "Tests.ViewModels\Tests.ViewModels.csproj", "{0C9A8AE2-1F92-4DA2-8F69-7DBB3ED5A4C2}"
EndProject
Project("{FAE04EC0-301F-11D3-BF4B-00C04F79EFBC}") = "Dflat.Infrastructure.IO.Filesystem", "Dflat.Infrastructure.IO.Filesystem\Dflat.Infrastructure.IO.Filesystem.csproj", "{7AE7D872-2F65-4B94-8731-08343FF77A95}"
EndProject
Project("{9A19103F-16F7-4668-BE54-9A1E7A4F7556}") = "DflatCoreWPF", "DflatCoreWPF\DflatCoreWPF.csproj", "{34723496-2663-47B6-983F-92E4F03A1B15}"
EndProject
Project("{2150E333-8FDC-42A3-9474-1A3956D46DE8}") = "Databases", "Databases", "{64B6292E-330A-4D4D-997B-90994A78CD82}"
EndProject
Project("{2150E333-8FDC-42A3-9474-1A3956D46DE8}") = "WPFUI", "WPFUI", "{6ECC95DE-030C-4925-A786-A3446DEF1E96}"
EndProject
Project("{2150E333-8FDC-42A3-9474-1A3956D46DE8}") = "Organizer", "Organizer", "{350C17F8-4D41-499C-8868-44466680FE86}"
EndProject
Project("{FAE04EC0-301F-11D3-BF4B-00C04F79EFBC}") = "Dflat.Application", "Dflat.Application\Dflat.Application.csproj", "{5A9B7F30-3550-4DEF-815D-7D10EE32F6C8}"
EndProject
Global
	GlobalSection(SolutionConfigurationPlatforms) = preSolution
		Debug|Any CPU = Debug|Any CPU
		Debug|ARM = Debug|ARM
		Debug|x64 = Debug|x64
		Debug|x86 = Debug|x86
		Release|Any CPU = Release|Any CPU
		Release|ARM = Release|ARM
		Release|x64 = Release|x64
		Release|x86 = Release|x86
		Windows Debug|Any CPU = Windows Debug|Any CPU
		Windows Debug|ARM = Windows Debug|ARM
		Windows Debug|x64 = Windows Debug|x64
		Windows Debug|x86 = Windows Debug|x86
		Windows Release|Any CPU = Windows Release|Any CPU
		Windows Release|ARM = Windows Release|ARM
		Windows Release|x64 = Windows Release|x64
		Windows Release|x86 = Windows Release|x86
	EndGlobalSection
	GlobalSection(ProjectConfigurationPlatforms) = postSolution
		{C3FA88D1-DFB8-47A5-BDEE-889A13B0361E}.Debug|Any CPU.ActiveCfg = Debug|Any CPU
		{C3FA88D1-DFB8-47A5-BDEE-889A13B0361E}.Debug|Any CPU.Build.0 = Debug|Any CPU
		{C3FA88D1-DFB8-47A5-BDEE-889A13B0361E}.Debug|ARM.ActiveCfg = Debug|Any CPU
		{C3FA88D1-DFB8-47A5-BDEE-889A13B0361E}.Debug|ARM.Build.0 = Debug|Any CPU
		{C3FA88D1-DFB8-47A5-BDEE-889A13B0361E}.Debug|x64.ActiveCfg = Debug|Any CPU
		{C3FA88D1-DFB8-47A5-BDEE-889A13B0361E}.Debug|x64.Build.0 = Debug|Any CPU
		{C3FA88D1-DFB8-47A5-BDEE-889A13B0361E}.Debug|x86.ActiveCfg = Debug|Any CPU
		{C3FA88D1-DFB8-47A5-BDEE-889A13B0361E}.Debug|x86.Build.0 = Debug|Any CPU
		{C3FA88D1-DFB8-47A5-BDEE-889A13B0361E}.Release|Any CPU.ActiveCfg = Release|Any CPU
		{C3FA88D1-DFB8-47A5-BDEE-889A13B0361E}.Release|Any CPU.Build.0 = Release|Any CPU
		{C3FA88D1-DFB8-47A5-BDEE-889A13B0361E}.Release|ARM.ActiveCfg = Release|Any CPU
		{C3FA88D1-DFB8-47A5-BDEE-889A13B0361E}.Release|ARM.Build.0 = Release|Any CPU
		{C3FA88D1-DFB8-47A5-BDEE-889A13B0361E}.Release|x64.ActiveCfg = Release|Any CPU
		{C3FA88D1-DFB8-47A5-BDEE-889A13B0361E}.Release|x64.Build.0 = Release|Any CPU
		{C3FA88D1-DFB8-47A5-BDEE-889A13B0361E}.Release|x86.ActiveCfg = Release|Any CPU
		{C3FA88D1-DFB8-47A5-BDEE-889A13B0361E}.Release|x86.Build.0 = Release|Any CPU
		{C3FA88D1-DFB8-47A5-BDEE-889A13B0361E}.Windows Debug|Any CPU.ActiveCfg = Debug|Any CPU
		{C3FA88D1-DFB8-47A5-BDEE-889A13B0361E}.Windows Debug|Any CPU.Build.0 = Debug|Any CPU
		{C3FA88D1-DFB8-47A5-BDEE-889A13B0361E}.Windows Debug|ARM.ActiveCfg = Debug|Any CPU
		{C3FA88D1-DFB8-47A5-BDEE-889A13B0361E}.Windows Debug|ARM.Build.0 = Debug|Any CPU
		{C3FA88D1-DFB8-47A5-BDEE-889A13B0361E}.Windows Debug|x64.ActiveCfg = Debug|Any CPU
		{C3FA88D1-DFB8-47A5-BDEE-889A13B0361E}.Windows Debug|x64.Build.0 = Debug|Any CPU
		{C3FA88D1-DFB8-47A5-BDEE-889A13B0361E}.Windows Debug|x86.ActiveCfg = Debug|Any CPU
		{C3FA88D1-DFB8-47A5-BDEE-889A13B0361E}.Windows Debug|x86.Build.0 = Debug|Any CPU
		{C3FA88D1-DFB8-47A5-BDEE-889A13B0361E}.Windows Release|Any CPU.ActiveCfg = Release|Any CPU
		{C3FA88D1-DFB8-47A5-BDEE-889A13B0361E}.Windows Release|Any CPU.Build.0 = Release|Any CPU
		{C3FA88D1-DFB8-47A5-BDEE-889A13B0361E}.Windows Release|ARM.ActiveCfg = Release|Any CPU
		{C3FA88D1-DFB8-47A5-BDEE-889A13B0361E}.Windows Release|ARM.Build.0 = Release|Any CPU
		{C3FA88D1-DFB8-47A5-BDEE-889A13B0361E}.Windows Release|x64.ActiveCfg = Release|Any CPU
		{C3FA88D1-DFB8-47A5-BDEE-889A13B0361E}.Windows Release|x64.Build.0 = Release|Any CPU
		{C3FA88D1-DFB8-47A5-BDEE-889A13B0361E}.Windows Release|x86.ActiveCfg = Release|Any CPU
		{C3FA88D1-DFB8-47A5-BDEE-889A13B0361E}.Windows Release|x86.Build.0 = Release|Any CPU
		{0BF5A6C8-CF81-474C-BED6-E602561B9A06}.Debug|Any CPU.ActiveCfg = Debug|Any CPU
		{0BF5A6C8-CF81-474C-BED6-E602561B9A06}.Debug|Any CPU.Build.0 = Debug|Any CPU
		{0BF5A6C8-CF81-474C-BED6-E602561B9A06}.Debug|ARM.ActiveCfg = Debug|Any CPU
		{0BF5A6C8-CF81-474C-BED6-E602561B9A06}.Debug|ARM.Build.0 = Debug|Any CPU
		{0BF5A6C8-CF81-474C-BED6-E602561B9A06}.Debug|x64.ActiveCfg = Debug|Any CPU
		{0BF5A6C8-CF81-474C-BED6-E602561B9A06}.Debug|x64.Build.0 = Debug|Any CPU
		{0BF5A6C8-CF81-474C-BED6-E602561B9A06}.Debug|x86.ActiveCfg = Debug|Any CPU
		{0BF5A6C8-CF81-474C-BED6-E602561B9A06}.Debug|x86.Build.0 = Debug|Any CPU
		{0BF5A6C8-CF81-474C-BED6-E602561B9A06}.Release|Any CPU.ActiveCfg = Release|Any CPU
		{0BF5A6C8-CF81-474C-BED6-E602561B9A06}.Release|Any CPU.Build.0 = Release|Any CPU
		{0BF5A6C8-CF81-474C-BED6-E602561B9A06}.Release|ARM.ActiveCfg = Release|Any CPU
		{0BF5A6C8-CF81-474C-BED6-E602561B9A06}.Release|ARM.Build.0 = Release|Any CPU
		{0BF5A6C8-CF81-474C-BED6-E602561B9A06}.Release|x64.ActiveCfg = Release|Any CPU
		{0BF5A6C8-CF81-474C-BED6-E602561B9A06}.Release|x64.Build.0 = Release|Any CPU
		{0BF5A6C8-CF81-474C-BED6-E602561B9A06}.Release|x86.ActiveCfg = Release|Any CPU
		{0BF5A6C8-CF81-474C-BED6-E602561B9A06}.Release|x86.Build.0 = Release|Any CPU
		{0BF5A6C8-CF81-474C-BED6-E602561B9A06}.Windows Debug|Any CPU.ActiveCfg = Debug|Any CPU
		{0BF5A6C8-CF81-474C-BED6-E602561B9A06}.Windows Debug|Any CPU.Build.0 = Debug|Any CPU
		{0BF5A6C8-CF81-474C-BED6-E602561B9A06}.Windows Debug|ARM.ActiveCfg = Debug|Any CPU
		{0BF5A6C8-CF81-474C-BED6-E602561B9A06}.Windows Debug|ARM.Build.0 = Debug|Any CPU
		{0BF5A6C8-CF81-474C-BED6-E602561B9A06}.Windows Debug|x64.ActiveCfg = Debug|Any CPU
		{0BF5A6C8-CF81-474C-BED6-E602561B9A06}.Windows Debug|x64.Build.0 = Debug|Any CPU
		{0BF5A6C8-CF81-474C-BED6-E602561B9A06}.Windows Debug|x86.ActiveCfg = Debug|Any CPU
		{0BF5A6C8-CF81-474C-BED6-E602561B9A06}.Windows Debug|x86.Build.0 = Debug|Any CPU
		{0BF5A6C8-CF81-474C-BED6-E602561B9A06}.Windows Release|Any CPU.ActiveCfg = Release|Any CPU
		{0BF5A6C8-CF81-474C-BED6-E602561B9A06}.Windows Release|Any CPU.Build.0 = Release|Any CPU
		{0BF5A6C8-CF81-474C-BED6-E602561B9A06}.Windows Release|ARM.ActiveCfg = Release|Any CPU
		{0BF5A6C8-CF81-474C-BED6-E602561B9A06}.Windows Release|ARM.Build.0 = Release|Any CPU
		{0BF5A6C8-CF81-474C-BED6-E602561B9A06}.Windows Release|x64.ActiveCfg = Release|Any CPU
		{0BF5A6C8-CF81-474C-BED6-E602561B9A06}.Windows Release|x64.Build.0 = Release|Any CPU
		{0BF5A6C8-CF81-474C-BED6-E602561B9A06}.Windows Release|x86.ActiveCfg = Release|Any CPU
		{0BF5A6C8-CF81-474C-BED6-E602561B9A06}.Windows Release|x86.Build.0 = Release|Any CPU
		{59896E94-E635-4778-908F-491EF3F9CD9F}.Debug|Any CPU.ActiveCfg = Debug|Any CPU
		{59896E94-E635-4778-908F-491EF3F9CD9F}.Debug|Any CPU.Build.0 = Debug|Any CPU
		{59896E94-E635-4778-908F-491EF3F9CD9F}.Debug|ARM.ActiveCfg = Debug|Any CPU
		{59896E94-E635-4778-908F-491EF3F9CD9F}.Debug|ARM.Build.0 = Debug|Any CPU
		{59896E94-E635-4778-908F-491EF3F9CD9F}.Debug|x64.ActiveCfg = Debug|Any CPU
		{59896E94-E635-4778-908F-491EF3F9CD9F}.Debug|x64.Build.0 = Debug|Any CPU
		{59896E94-E635-4778-908F-491EF3F9CD9F}.Debug|x86.ActiveCfg = Debug|Any CPU
		{59896E94-E635-4778-908F-491EF3F9CD9F}.Debug|x86.Build.0 = Debug|Any CPU
		{59896E94-E635-4778-908F-491EF3F9CD9F}.Release|Any CPU.ActiveCfg = Release|Any CPU
		{59896E94-E635-4778-908F-491EF3F9CD9F}.Release|Any CPU.Build.0 = Release|Any CPU
		{59896E94-E635-4778-908F-491EF3F9CD9F}.Release|ARM.ActiveCfg = Release|Any CPU
		{59896E94-E635-4778-908F-491EF3F9CD9F}.Release|ARM.Build.0 = Release|Any CPU
		{59896E94-E635-4778-908F-491EF3F9CD9F}.Release|x64.ActiveCfg = Release|Any CPU
		{59896E94-E635-4778-908F-491EF3F9CD9F}.Release|x64.Build.0 = Release|Any CPU
		{59896E94-E635-4778-908F-491EF3F9CD9F}.Release|x86.ActiveCfg = Release|Any CPU
		{59896E94-E635-4778-908F-491EF3F9CD9F}.Release|x86.Build.0 = Release|Any CPU
		{59896E94-E635-4778-908F-491EF3F9CD9F}.Windows Debug|Any CPU.ActiveCfg = Debug|Any CPU
		{59896E94-E635-4778-908F-491EF3F9CD9F}.Windows Debug|Any CPU.Build.0 = Debug|Any CPU
		{59896E94-E635-4778-908F-491EF3F9CD9F}.Windows Debug|ARM.ActiveCfg = Debug|Any CPU
		{59896E94-E635-4778-908F-491EF3F9CD9F}.Windows Debug|ARM.Build.0 = Debug|Any CPU
		{59896E94-E635-4778-908F-491EF3F9CD9F}.Windows Debug|x64.ActiveCfg = Debug|Any CPU
		{59896E94-E635-4778-908F-491EF3F9CD9F}.Windows Debug|x64.Build.0 = Debug|Any CPU
		{59896E94-E635-4778-908F-491EF3F9CD9F}.Windows Debug|x86.ActiveCfg = Debug|Any CPU
		{59896E94-E635-4778-908F-491EF3F9CD9F}.Windows Debug|x86.Build.0 = Debug|Any CPU
		{59896E94-E635-4778-908F-491EF3F9CD9F}.Windows Release|Any CPU.ActiveCfg = Release|Any CPU
		{59896E94-E635-4778-908F-491EF3F9CD9F}.Windows Release|Any CPU.Build.0 = Release|Any CPU
		{59896E94-E635-4778-908F-491EF3F9CD9F}.Windows Release|ARM.ActiveCfg = Release|Any CPU
		{59896E94-E635-4778-908F-491EF3F9CD9F}.Windows Release|ARM.Build.0 = Release|Any CPU
		{59896E94-E635-4778-908F-491EF3F9CD9F}.Windows Release|x64.ActiveCfg = Release|Any CPU
		{59896E94-E635-4778-908F-491EF3F9CD9F}.Windows Release|x64.Build.0 = Release|Any CPU
		{59896E94-E635-4778-908F-491EF3F9CD9F}.Windows Release|x86.ActiveCfg = Release|Any CPU
		{59896E94-E635-4778-908F-491EF3F9CD9F}.Windows Release|x86.Build.0 = Release|Any CPU
		{69B7ED5F-6E56-4C09-B488-BBC15D358625}.Debug|Any CPU.ActiveCfg = Debug|Any CPU
		{69B7ED5F-6E56-4C09-B488-BBC15D358625}.Debug|Any CPU.Build.0 = Debug|Any CPU
		{69B7ED5F-6E56-4C09-B488-BBC15D358625}.Debug|ARM.ActiveCfg = Debug|Any CPU
		{69B7ED5F-6E56-4C09-B488-BBC15D358625}.Debug|ARM.Build.0 = Debug|Any CPU
		{69B7ED5F-6E56-4C09-B488-BBC15D358625}.Debug|x64.ActiveCfg = Debug|Any CPU
		{69B7ED5F-6E56-4C09-B488-BBC15D358625}.Debug|x64.Build.0 = Debug|Any CPU
		{69B7ED5F-6E56-4C09-B488-BBC15D358625}.Debug|x86.ActiveCfg = Debug|Any CPU
		{69B7ED5F-6E56-4C09-B488-BBC15D358625}.Debug|x86.Build.0 = Debug|Any CPU
		{69B7ED5F-6E56-4C09-B488-BBC15D358625}.Release|Any CPU.ActiveCfg = Release|Any CPU
		{69B7ED5F-6E56-4C09-B488-BBC15D358625}.Release|Any CPU.Build.0 = Release|Any CPU
		{69B7ED5F-6E56-4C09-B488-BBC15D358625}.Release|ARM.ActiveCfg = Release|Any CPU
		{69B7ED5F-6E56-4C09-B488-BBC15D358625}.Release|ARM.Build.0 = Release|Any CPU
		{69B7ED5F-6E56-4C09-B488-BBC15D358625}.Release|x64.ActiveCfg = Release|Any CPU
		{69B7ED5F-6E56-4C09-B488-BBC15D358625}.Release|x64.Build.0 = Release|Any CPU
		{69B7ED5F-6E56-4C09-B488-BBC15D358625}.Release|x86.ActiveCfg = Release|Any CPU
		{69B7ED5F-6E56-4C09-B488-BBC15D358625}.Release|x86.Build.0 = Release|Any CPU
		{69B7ED5F-6E56-4C09-B488-BBC15D358625}.Windows Debug|Any CPU.ActiveCfg = Debug|Any CPU
		{69B7ED5F-6E56-4C09-B488-BBC15D358625}.Windows Debug|Any CPU.Build.0 = Debug|Any CPU
		{69B7ED5F-6E56-4C09-B488-BBC15D358625}.Windows Debug|ARM.ActiveCfg = Debug|Any CPU
		{69B7ED5F-6E56-4C09-B488-BBC15D358625}.Windows Debug|ARM.Build.0 = Debug|Any CPU
		{69B7ED5F-6E56-4C09-B488-BBC15D358625}.Windows Debug|x64.ActiveCfg = Debug|Any CPU
		{69B7ED5F-6E56-4C09-B488-BBC15D358625}.Windows Debug|x64.Build.0 = Debug|Any CPU
		{69B7ED5F-6E56-4C09-B488-BBC15D358625}.Windows Debug|x86.ActiveCfg = Debug|Any CPU
		{69B7ED5F-6E56-4C09-B488-BBC15D358625}.Windows Debug|x86.Build.0 = Debug|Any CPU
		{69B7ED5F-6E56-4C09-B488-BBC15D358625}.Windows Release|Any CPU.ActiveCfg = Release|Any CPU
		{69B7ED5F-6E56-4C09-B488-BBC15D358625}.Windows Release|Any CPU.Build.0 = Release|Any CPU
		{69B7ED5F-6E56-4C09-B488-BBC15D358625}.Windows Release|ARM.ActiveCfg = Release|Any CPU
		{69B7ED5F-6E56-4C09-B488-BBC15D358625}.Windows Release|ARM.Build.0 = Release|Any CPU
		{69B7ED5F-6E56-4C09-B488-BBC15D358625}.Windows Release|x64.ActiveCfg = Release|Any CPU
		{69B7ED5F-6E56-4C09-B488-BBC15D358625}.Windows Release|x64.Build.0 = Release|Any CPU
		{69B7ED5F-6E56-4C09-B488-BBC15D358625}.Windows Release|x86.ActiveCfg = Release|Any CPU
		{69B7ED5F-6E56-4C09-B488-BBC15D358625}.Windows Release|x86.Build.0 = Release|Any CPU
		{C93093CE-B5EE-47C5-B0F3-CAE2841ABB46}.Debug|Any CPU.ActiveCfg = Debug|Any CPU
		{C93093CE-B5EE-47C5-B0F3-CAE2841ABB46}.Debug|Any CPU.Build.0 = Debug|Any CPU
		{C93093CE-B5EE-47C5-B0F3-CAE2841ABB46}.Debug|ARM.ActiveCfg = Debug|Any CPU
		{C93093CE-B5EE-47C5-B0F3-CAE2841ABB46}.Debug|ARM.Build.0 = Debug|Any CPU
		{C93093CE-B5EE-47C5-B0F3-CAE2841ABB46}.Debug|x64.ActiveCfg = Debug|Any CPU
		{C93093CE-B5EE-47C5-B0F3-CAE2841ABB46}.Debug|x64.Build.0 = Debug|Any CPU
		{C93093CE-B5EE-47C5-B0F3-CAE2841ABB46}.Debug|x86.ActiveCfg = Debug|Any CPU
		{C93093CE-B5EE-47C5-B0F3-CAE2841ABB46}.Debug|x86.Build.0 = Debug|Any CPU
		{C93093CE-B5EE-47C5-B0F3-CAE2841ABB46}.Release|Any CPU.ActiveCfg = Release|Any CPU
		{C93093CE-B5EE-47C5-B0F3-CAE2841ABB46}.Release|Any CPU.Build.0 = Release|Any CPU
		{C93093CE-B5EE-47C5-B0F3-CAE2841ABB46}.Release|ARM.ActiveCfg = Release|Any CPU
		{C93093CE-B5EE-47C5-B0F3-CAE2841ABB46}.Release|ARM.Build.0 = Release|Any CPU
		{C93093CE-B5EE-47C5-B0F3-CAE2841ABB46}.Release|x64.ActiveCfg = Release|Any CPU
		{C93093CE-B5EE-47C5-B0F3-CAE2841ABB46}.Release|x64.Build.0 = Release|Any CPU
		{C93093CE-B5EE-47C5-B0F3-CAE2841ABB46}.Release|x86.ActiveCfg = Release|Any CPU
		{C93093CE-B5EE-47C5-B0F3-CAE2841ABB46}.Release|x86.Build.0 = Release|Any CPU
		{C93093CE-B5EE-47C5-B0F3-CAE2841ABB46}.Windows Debug|Any CPU.ActiveCfg = Debug|Any CPU
		{C93093CE-B5EE-47C5-B0F3-CAE2841ABB46}.Windows Debug|Any CPU.Build.0 = Debug|Any CPU
		{C93093CE-B5EE-47C5-B0F3-CAE2841ABB46}.Windows Debug|ARM.ActiveCfg = Debug|Any CPU
		{C93093CE-B5EE-47C5-B0F3-CAE2841ABB46}.Windows Debug|ARM.Build.0 = Debug|Any CPU
		{C93093CE-B5EE-47C5-B0F3-CAE2841ABB46}.Windows Debug|x64.ActiveCfg = Debug|Any CPU
		{C93093CE-B5EE-47C5-B0F3-CAE2841ABB46}.Windows Debug|x64.Build.0 = Debug|Any CPU
		{C93093CE-B5EE-47C5-B0F3-CAE2841ABB46}.Windows Debug|x86.ActiveCfg = Debug|Any CPU
		{C93093CE-B5EE-47C5-B0F3-CAE2841ABB46}.Windows Debug|x86.Build.0 = Debug|Any CPU
		{C93093CE-B5EE-47C5-B0F3-CAE2841ABB46}.Windows Release|Any CPU.ActiveCfg = Release|Any CPU
		{C93093CE-B5EE-47C5-B0F3-CAE2841ABB46}.Windows Release|Any CPU.Build.0 = Release|Any CPU
		{C93093CE-B5EE-47C5-B0F3-CAE2841ABB46}.Windows Release|ARM.ActiveCfg = Release|Any CPU
		{C93093CE-B5EE-47C5-B0F3-CAE2841ABB46}.Windows Release|ARM.Build.0 = Release|Any CPU
		{C93093CE-B5EE-47C5-B0F3-CAE2841ABB46}.Windows Release|x64.ActiveCfg = Release|Any CPU
		{C93093CE-B5EE-47C5-B0F3-CAE2841ABB46}.Windows Release|x64.Build.0 = Release|Any CPU
		{C93093CE-B5EE-47C5-B0F3-CAE2841ABB46}.Windows Release|x86.ActiveCfg = Release|Any CPU
		{C93093CE-B5EE-47C5-B0F3-CAE2841ABB46}.Windows Release|x86.Build.0 = Release|Any CPU
		{C2439ABC-B2DB-4CE6-8F65-0B8C324D9F7C}.Debug|Any CPU.ActiveCfg = Debug|Any CPU
		{C2439ABC-B2DB-4CE6-8F65-0B8C324D9F7C}.Debug|Any CPU.Build.0 = Debug|Any CPU
		{C2439ABC-B2DB-4CE6-8F65-0B8C324D9F7C}.Debug|ARM.ActiveCfg = Debug|Any CPU
		{C2439ABC-B2DB-4CE6-8F65-0B8C324D9F7C}.Debug|ARM.Build.0 = Debug|Any CPU
		{C2439ABC-B2DB-4CE6-8F65-0B8C324D9F7C}.Debug|x64.ActiveCfg = Debug|Any CPU
		{C2439ABC-B2DB-4CE6-8F65-0B8C324D9F7C}.Debug|x64.Build.0 = Debug|Any CPU
		{C2439ABC-B2DB-4CE6-8F65-0B8C324D9F7C}.Debug|x86.ActiveCfg = Debug|Any CPU
		{C2439ABC-B2DB-4CE6-8F65-0B8C324D9F7C}.Debug|x86.Build.0 = Debug|Any CPU
		{C2439ABC-B2DB-4CE6-8F65-0B8C324D9F7C}.Release|Any CPU.ActiveCfg = Release|Any CPU
		{C2439ABC-B2DB-4CE6-8F65-0B8C324D9F7C}.Release|Any CPU.Build.0 = Release|Any CPU
		{C2439ABC-B2DB-4CE6-8F65-0B8C324D9F7C}.Release|ARM.ActiveCfg = Release|Any CPU
		{C2439ABC-B2DB-4CE6-8F65-0B8C324D9F7C}.Release|ARM.Build.0 = Release|Any CPU
		{C2439ABC-B2DB-4CE6-8F65-0B8C324D9F7C}.Release|x64.ActiveCfg = Release|Any CPU
		{C2439ABC-B2DB-4CE6-8F65-0B8C324D9F7C}.Release|x64.Build.0 = Release|Any CPU
		{C2439ABC-B2DB-4CE6-8F65-0B8C324D9F7C}.Release|x86.ActiveCfg = Release|Any CPU
		{C2439ABC-B2DB-4CE6-8F65-0B8C324D9F7C}.Release|x86.Build.0 = Release|Any CPU
		{C2439ABC-B2DB-4CE6-8F65-0B8C324D9F7C}.Windows Debug|Any CPU.ActiveCfg = Windows Debug|Any CPU
		{C2439ABC-B2DB-4CE6-8F65-0B8C324D9F7C}.Windows Debug|Any CPU.Build.0 = Windows Debug|Any CPU
		{C2439ABC-B2DB-4CE6-8F65-0B8C324D9F7C}.Windows Debug|ARM.ActiveCfg = Windows Debug|Any CPU
		{C2439ABC-B2DB-4CE6-8F65-0B8C324D9F7C}.Windows Debug|ARM.Build.0 = Windows Debug|Any CPU
		{C2439ABC-B2DB-4CE6-8F65-0B8C324D9F7C}.Windows Debug|x64.ActiveCfg = Windows Debug|Any CPU
		{C2439ABC-B2DB-4CE6-8F65-0B8C324D9F7C}.Windows Debug|x64.Build.0 = Windows Debug|Any CPU
		{C2439ABC-B2DB-4CE6-8F65-0B8C324D9F7C}.Windows Debug|x86.ActiveCfg = Windows Debug|Any CPU
		{C2439ABC-B2DB-4CE6-8F65-0B8C324D9F7C}.Windows Debug|x86.Build.0 = Windows Debug|Any CPU
		{C2439ABC-B2DB-4CE6-8F65-0B8C324D9F7C}.Windows Release|Any CPU.ActiveCfg = Windows Release|Any CPU
		{C2439ABC-B2DB-4CE6-8F65-0B8C324D9F7C}.Windows Release|Any CPU.Build.0 = Windows Release|Any CPU
		{C2439ABC-B2DB-4CE6-8F65-0B8C324D9F7C}.Windows Release|ARM.ActiveCfg = Windows Release|Any CPU
		{C2439ABC-B2DB-4CE6-8F65-0B8C324D9F7C}.Windows Release|ARM.Build.0 = Windows Release|Any CPU
		{C2439ABC-B2DB-4CE6-8F65-0B8C324D9F7C}.Windows Release|x64.ActiveCfg = Windows Release|Any CPU
		{C2439ABC-B2DB-4CE6-8F65-0B8C324D9F7C}.Windows Release|x64.Build.0 = Windows Release|Any CPU
		{C2439ABC-B2DB-4CE6-8F65-0B8C324D9F7C}.Windows Release|x86.ActiveCfg = Windows Release|Any CPU
		{C2439ABC-B2DB-4CE6-8F65-0B8C324D9F7C}.Windows Release|x86.Build.0 = Windows Release|Any CPU
		{54D1BB8B-0B1A-4543-A47F-4E874221549C}.Debug|Any CPU.ActiveCfg = Debug|Any CPU
		{54D1BB8B-0B1A-4543-A47F-4E874221549C}.Debug|Any CPU.Build.0 = Debug|Any CPU
		{54D1BB8B-0B1A-4543-A47F-4E874221549C}.Debug|ARM.ActiveCfg = Debug|Any CPU
		{54D1BB8B-0B1A-4543-A47F-4E874221549C}.Debug|ARM.Build.0 = Debug|Any CPU
		{54D1BB8B-0B1A-4543-A47F-4E874221549C}.Debug|x64.ActiveCfg = Debug|Any CPU
		{54D1BB8B-0B1A-4543-A47F-4E874221549C}.Debug|x64.Build.0 = Debug|Any CPU
		{54D1BB8B-0B1A-4543-A47F-4E874221549C}.Debug|x86.ActiveCfg = Debug|Any CPU
		{54D1BB8B-0B1A-4543-A47F-4E874221549C}.Debug|x86.Build.0 = Debug|Any CPU
		{54D1BB8B-0B1A-4543-A47F-4E874221549C}.Release|Any CPU.ActiveCfg = Release|Any CPU
		{54D1BB8B-0B1A-4543-A47F-4E874221549C}.Release|Any CPU.Build.0 = Release|Any CPU
		{54D1BB8B-0B1A-4543-A47F-4E874221549C}.Release|ARM.ActiveCfg = Release|Any CPU
		{54D1BB8B-0B1A-4543-A47F-4E874221549C}.Release|ARM.Build.0 = Release|Any CPU
		{54D1BB8B-0B1A-4543-A47F-4E874221549C}.Release|x64.ActiveCfg = Release|Any CPU
		{54D1BB8B-0B1A-4543-A47F-4E874221549C}.Release|x64.Build.0 = Release|Any CPU
		{54D1BB8B-0B1A-4543-A47F-4E874221549C}.Release|x86.ActiveCfg = Release|Any CPU
		{54D1BB8B-0B1A-4543-A47F-4E874221549C}.Release|x86.Build.0 = Release|Any CPU
		{54D1BB8B-0B1A-4543-A47F-4E874221549C}.Windows Debug|Any CPU.ActiveCfg = Debug|Any CPU
		{54D1BB8B-0B1A-4543-A47F-4E874221549C}.Windows Debug|Any CPU.Build.0 = Debug|Any CPU
		{54D1BB8B-0B1A-4543-A47F-4E874221549C}.Windows Debug|ARM.ActiveCfg = Debug|Any CPU
		{54D1BB8B-0B1A-4543-A47F-4E874221549C}.Windows Debug|ARM.Build.0 = Debug|Any CPU
		{54D1BB8B-0B1A-4543-A47F-4E874221549C}.Windows Debug|x64.ActiveCfg = Debug|Any CPU
		{54D1BB8B-0B1A-4543-A47F-4E874221549C}.Windows Debug|x64.Build.0 = Debug|Any CPU
		{54D1BB8B-0B1A-4543-A47F-4E874221549C}.Windows Debug|x86.ActiveCfg = Debug|Any CPU
		{54D1BB8B-0B1A-4543-A47F-4E874221549C}.Windows Debug|x86.Build.0 = Debug|Any CPU
		{54D1BB8B-0B1A-4543-A47F-4E874221549C}.Windows Release|Any CPU.ActiveCfg = Release|Any CPU
		{54D1BB8B-0B1A-4543-A47F-4E874221549C}.Windows Release|Any CPU.Build.0 = Release|Any CPU
		{54D1BB8B-0B1A-4543-A47F-4E874221549C}.Windows Release|ARM.ActiveCfg = Release|Any CPU
		{54D1BB8B-0B1A-4543-A47F-4E874221549C}.Windows Release|ARM.Build.0 = Release|Any CPU
		{54D1BB8B-0B1A-4543-A47F-4E874221549C}.Windows Release|x64.ActiveCfg = Release|Any CPU
		{54D1BB8B-0B1A-4543-A47F-4E874221549C}.Windows Release|x64.Build.0 = Release|Any CPU
		{54D1BB8B-0B1A-4543-A47F-4E874221549C}.Windows Release|x86.ActiveCfg = Release|Any CPU
		{54D1BB8B-0B1A-4543-A47F-4E874221549C}.Windows Release|x86.Build.0 = Release|Any CPU
		{0C9A8AE2-1F92-4DA2-8F69-7DBB3ED5A4C2}.Debug|Any CPU.ActiveCfg = Debug|Any CPU
		{0C9A8AE2-1F92-4DA2-8F69-7DBB3ED5A4C2}.Debug|Any CPU.Build.0 = Debug|Any CPU
		{0C9A8AE2-1F92-4DA2-8F69-7DBB3ED5A4C2}.Debug|ARM.ActiveCfg = Debug|Any CPU
		{0C9A8AE2-1F92-4DA2-8F69-7DBB3ED5A4C2}.Debug|ARM.Build.0 = Debug|Any CPU
		{0C9A8AE2-1F92-4DA2-8F69-7DBB3ED5A4C2}.Debug|x64.ActiveCfg = Debug|Any CPU
		{0C9A8AE2-1F92-4DA2-8F69-7DBB3ED5A4C2}.Debug|x64.Build.0 = Debug|Any CPU
		{0C9A8AE2-1F92-4DA2-8F69-7DBB3ED5A4C2}.Debug|x86.ActiveCfg = Debug|Any CPU
		{0C9A8AE2-1F92-4DA2-8F69-7DBB3ED5A4C2}.Debug|x86.Build.0 = Debug|Any CPU
		{0C9A8AE2-1F92-4DA2-8F69-7DBB3ED5A4C2}.Release|Any CPU.ActiveCfg = Release|Any CPU
		{0C9A8AE2-1F92-4DA2-8F69-7DBB3ED5A4C2}.Release|Any CPU.Build.0 = Release|Any CPU
		{0C9A8AE2-1F92-4DA2-8F69-7DBB3ED5A4C2}.Release|ARM.ActiveCfg = Release|Any CPU
		{0C9A8AE2-1F92-4DA2-8F69-7DBB3ED5A4C2}.Release|ARM.Build.0 = Release|Any CPU
		{0C9A8AE2-1F92-4DA2-8F69-7DBB3ED5A4C2}.Release|x64.ActiveCfg = Release|Any CPU
		{0C9A8AE2-1F92-4DA2-8F69-7DBB3ED5A4C2}.Release|x64.Build.0 = Release|Any CPU
		{0C9A8AE2-1F92-4DA2-8F69-7DBB3ED5A4C2}.Release|x86.ActiveCfg = Release|Any CPU
		{0C9A8AE2-1F92-4DA2-8F69-7DBB3ED5A4C2}.Release|x86.Build.0 = Release|Any CPU
		{0C9A8AE2-1F92-4DA2-8F69-7DBB3ED5A4C2}.Windows Debug|Any CPU.ActiveCfg = Debug|Any CPU
		{0C9A8AE2-1F92-4DA2-8F69-7DBB3ED5A4C2}.Windows Debug|Any CPU.Build.0 = Debug|Any CPU
		{0C9A8AE2-1F92-4DA2-8F69-7DBB3ED5A4C2}.Windows Debug|ARM.ActiveCfg = Debug|Any CPU
		{0C9A8AE2-1F92-4DA2-8F69-7DBB3ED5A4C2}.Windows Debug|ARM.Build.0 = Debug|Any CPU
		{0C9A8AE2-1F92-4DA2-8F69-7DBB3ED5A4C2}.Windows Debug|x64.ActiveCfg = Debug|Any CPU
		{0C9A8AE2-1F92-4DA2-8F69-7DBB3ED5A4C2}.Windows Debug|x64.Build.0 = Debug|Any CPU
		{0C9A8AE2-1F92-4DA2-8F69-7DBB3ED5A4C2}.Windows Debug|x86.ActiveCfg = Debug|Any CPU
		{0C9A8AE2-1F92-4DA2-8F69-7DBB3ED5A4C2}.Windows Debug|x86.Build.0 = Debug|Any CPU
		{0C9A8AE2-1F92-4DA2-8F69-7DBB3ED5A4C2}.Windows Release|Any CPU.ActiveCfg = Release|Any CPU
		{0C9A8AE2-1F92-4DA2-8F69-7DBB3ED5A4C2}.Windows Release|Any CPU.Build.0 = Release|Any CPU
		{0C9A8AE2-1F92-4DA2-8F69-7DBB3ED5A4C2}.Windows Release|ARM.ActiveCfg = Release|Any CPU
		{0C9A8AE2-1F92-4DA2-8F69-7DBB3ED5A4C2}.Windows Release|ARM.Build.0 = Release|Any CPU
		{0C9A8AE2-1F92-4DA2-8F69-7DBB3ED5A4C2}.Windows Release|x64.ActiveCfg = Release|Any CPU
		{0C9A8AE2-1F92-4DA2-8F69-7DBB3ED5A4C2}.Windows Release|x64.Build.0 = Release|Any CPU
		{0C9A8AE2-1F92-4DA2-8F69-7DBB3ED5A4C2}.Windows Release|x86.ActiveCfg = Release|Any CPU
		{0C9A8AE2-1F92-4DA2-8F69-7DBB3ED5A4C2}.Windows Release|x86.Build.0 = Release|Any CPU
		{7AE7D872-2F65-4B94-8731-08343FF77A95}.Debug|Any CPU.ActiveCfg = Debug|Any CPU
		{7AE7D872-2F65-4B94-8731-08343FF77A95}.Debug|Any CPU.Build.0 = Debug|Any CPU
		{7AE7D872-2F65-4B94-8731-08343FF77A95}.Debug|ARM.ActiveCfg = Debug|Any CPU
		{7AE7D872-2F65-4B94-8731-08343FF77A95}.Debug|ARM.Build.0 = Debug|Any CPU
		{7AE7D872-2F65-4B94-8731-08343FF77A95}.Debug|x64.ActiveCfg = Debug|Any CPU
		{7AE7D872-2F65-4B94-8731-08343FF77A95}.Debug|x64.Build.0 = Debug|Any CPU
		{7AE7D872-2F65-4B94-8731-08343FF77A95}.Debug|x86.ActiveCfg = Debug|Any CPU
		{7AE7D872-2F65-4B94-8731-08343FF77A95}.Debug|x86.Build.0 = Debug|Any CPU
		{7AE7D872-2F65-4B94-8731-08343FF77A95}.Release|Any CPU.ActiveCfg = Release|Any CPU
		{7AE7D872-2F65-4B94-8731-08343FF77A95}.Release|Any CPU.Build.0 = Release|Any CPU
		{7AE7D872-2F65-4B94-8731-08343FF77A95}.Release|ARM.ActiveCfg = Release|Any CPU
		{7AE7D872-2F65-4B94-8731-08343FF77A95}.Release|ARM.Build.0 = Release|Any CPU
		{7AE7D872-2F65-4B94-8731-08343FF77A95}.Release|x64.ActiveCfg = Release|Any CPU
		{7AE7D872-2F65-4B94-8731-08343FF77A95}.Release|x64.Build.0 = Release|Any CPU
		{7AE7D872-2F65-4B94-8731-08343FF77A95}.Release|x86.ActiveCfg = Release|Any CPU
		{7AE7D872-2F65-4B94-8731-08343FF77A95}.Release|x86.Build.0 = Release|Any CPU
		{7AE7D872-2F65-4B94-8731-08343FF77A95}.Windows Debug|Any CPU.ActiveCfg = Windows Debug|Any CPU
		{7AE7D872-2F65-4B94-8731-08343FF77A95}.Windows Debug|Any CPU.Build.0 = Windows Debug|Any CPU
		{7AE7D872-2F65-4B94-8731-08343FF77A95}.Windows Debug|ARM.ActiveCfg = Windows Debug|Any CPU
		{7AE7D872-2F65-4B94-8731-08343FF77A95}.Windows Debug|ARM.Build.0 = Windows Debug|Any CPU
		{7AE7D872-2F65-4B94-8731-08343FF77A95}.Windows Debug|x64.ActiveCfg = Windows Debug|Any CPU
		{7AE7D872-2F65-4B94-8731-08343FF77A95}.Windows Debug|x64.Build.0 = Windows Debug|Any CPU
		{7AE7D872-2F65-4B94-8731-08343FF77A95}.Windows Debug|x86.ActiveCfg = Windows Debug|Any CPU
		{7AE7D872-2F65-4B94-8731-08343FF77A95}.Windows Debug|x86.Build.0 = Windows Debug|Any CPU
		{7AE7D872-2F65-4B94-8731-08343FF77A95}.Windows Release|Any CPU.ActiveCfg = Windows Release|Any CPU
		{7AE7D872-2F65-4B94-8731-08343FF77A95}.Windows Release|Any CPU.Build.0 = Windows Release|Any CPU
		{7AE7D872-2F65-4B94-8731-08343FF77A95}.Windows Release|ARM.ActiveCfg = Windows Release|Any CPU
		{7AE7D872-2F65-4B94-8731-08343FF77A95}.Windows Release|ARM.Build.0 = Windows Release|Any CPU
		{7AE7D872-2F65-4B94-8731-08343FF77A95}.Windows Release|x64.ActiveCfg = Windows Release|Any CPU
		{7AE7D872-2F65-4B94-8731-08343FF77A95}.Windows Release|x64.Build.0 = Windows Release|Any CPU
		{7AE7D872-2F65-4B94-8731-08343FF77A95}.Windows Release|x86.ActiveCfg = Windows Release|Any CPU
		{7AE7D872-2F65-4B94-8731-08343FF77A95}.Windows Release|x86.Build.0 = Windows Release|Any CPU
		{34723496-2663-47B6-983F-92E4F03A1B15}.Debug|Any CPU.ActiveCfg = Debug|Any CPU
		{34723496-2663-47B6-983F-92E4F03A1B15}.Debug|Any CPU.Build.0 = Debug|Any CPU
		{34723496-2663-47B6-983F-92E4F03A1B15}.Debug|ARM.ActiveCfg = Debug|Any CPU
		{34723496-2663-47B6-983F-92E4F03A1B15}.Debug|ARM.Build.0 = Debug|Any CPU
		{34723496-2663-47B6-983F-92E4F03A1B15}.Debug|x64.ActiveCfg = Debug|Any CPU
		{34723496-2663-47B6-983F-92E4F03A1B15}.Debug|x64.Build.0 = Debug|Any CPU
		{34723496-2663-47B6-983F-92E4F03A1B15}.Debug|x86.ActiveCfg = Debug|Any CPU
		{34723496-2663-47B6-983F-92E4F03A1B15}.Debug|x86.Build.0 = Debug|Any CPU
		{34723496-2663-47B6-983F-92E4F03A1B15}.Release|Any CPU.ActiveCfg = Release|Any CPU
		{34723496-2663-47B6-983F-92E4F03A1B15}.Release|Any CPU.Build.0 = Release|Any CPU
		{34723496-2663-47B6-983F-92E4F03A1B15}.Release|ARM.ActiveCfg = Release|Any CPU
		{34723496-2663-47B6-983F-92E4F03A1B15}.Release|ARM.Build.0 = Release|Any CPU
		{34723496-2663-47B6-983F-92E4F03A1B15}.Release|x64.ActiveCfg = Release|Any CPU
		{34723496-2663-47B6-983F-92E4F03A1B15}.Release|x64.Build.0 = Release|Any CPU
		{34723496-2663-47B6-983F-92E4F03A1B15}.Release|x86.ActiveCfg = Release|Any CPU
		{34723496-2663-47B6-983F-92E4F03A1B15}.Release|x86.Build.0 = Release|Any CPU
		{34723496-2663-47B6-983F-92E4F03A1B15}.Windows Debug|Any CPU.ActiveCfg = Debug|Any CPU
		{34723496-2663-47B6-983F-92E4F03A1B15}.Windows Debug|Any CPU.Build.0 = Debug|Any CPU
		{34723496-2663-47B6-983F-92E4F03A1B15}.Windows Debug|ARM.ActiveCfg = Debug|Any CPU
		{34723496-2663-47B6-983F-92E4F03A1B15}.Windows Debug|ARM.Build.0 = Debug|Any CPU
		{34723496-2663-47B6-983F-92E4F03A1B15}.Windows Debug|x64.ActiveCfg = Debug|Any CPU
		{34723496-2663-47B6-983F-92E4F03A1B15}.Windows Debug|x64.Build.0 = Debug|Any CPU
		{34723496-2663-47B6-983F-92E4F03A1B15}.Windows Debug|x86.ActiveCfg = Debug|Any CPU
		{34723496-2663-47B6-983F-92E4F03A1B15}.Windows Debug|x86.Build.0 = Debug|Any CPU
		{34723496-2663-47B6-983F-92E4F03A1B15}.Windows Release|Any CPU.ActiveCfg = Release|Any CPU
		{34723496-2663-47B6-983F-92E4F03A1B15}.Windows Release|Any CPU.Build.0 = Release|Any CPU
		{34723496-2663-47B6-983F-92E4F03A1B15}.Windows Release|ARM.ActiveCfg = Release|Any CPU
		{34723496-2663-47B6-983F-92E4F03A1B15}.Windows Release|ARM.Build.0 = Release|Any CPU
		{34723496-2663-47B6-983F-92E4F03A1B15}.Windows Release|x64.ActiveCfg = Release|Any CPU
		{34723496-2663-47B6-983F-92E4F03A1B15}.Windows Release|x64.Build.0 = Release|Any CPU
		{34723496-2663-47B6-983F-92E4F03A1B15}.Windows Release|x86.ActiveCfg = Release|Any CPU
		{34723496-2663-47B6-983F-92E4F03A1B15}.Windows Release|x86.Build.0 = Release|Any CPU
		{5A9B7F30-3550-4DEF-815D-7D10EE32F6C8}.Debug|Any CPU.ActiveCfg = Debug|Any CPU
		{5A9B7F30-3550-4DEF-815D-7D10EE32F6C8}.Debug|Any CPU.Build.0 = Debug|Any CPU
		{5A9B7F30-3550-4DEF-815D-7D10EE32F6C8}.Debug|ARM.ActiveCfg = Debug|Any CPU
		{5A9B7F30-3550-4DEF-815D-7D10EE32F6C8}.Debug|ARM.Build.0 = Debug|Any CPU
		{5A9B7F30-3550-4DEF-815D-7D10EE32F6C8}.Debug|x64.ActiveCfg = Debug|Any CPU
		{5A9B7F30-3550-4DEF-815D-7D10EE32F6C8}.Debug|x64.Build.0 = Debug|Any CPU
		{5A9B7F30-3550-4DEF-815D-7D10EE32F6C8}.Debug|x86.ActiveCfg = Debug|Any CPU
		{5A9B7F30-3550-4DEF-815D-7D10EE32F6C8}.Debug|x86.Build.0 = Debug|Any CPU
		{5A9B7F30-3550-4DEF-815D-7D10EE32F6C8}.Release|Any CPU.ActiveCfg = Release|Any CPU
		{5A9B7F30-3550-4DEF-815D-7D10EE32F6C8}.Release|Any CPU.Build.0 = Release|Any CPU
		{5A9B7F30-3550-4DEF-815D-7D10EE32F6C8}.Release|ARM.ActiveCfg = Release|Any CPU
		{5A9B7F30-3550-4DEF-815D-7D10EE32F6C8}.Release|ARM.Build.0 = Release|Any CPU
		{5A9B7F30-3550-4DEF-815D-7D10EE32F6C8}.Release|x64.ActiveCfg = Release|Any CPU
		{5A9B7F30-3550-4DEF-815D-7D10EE32F6C8}.Release|x64.Build.0 = Release|Any CPU
		{5A9B7F30-3550-4DEF-815D-7D10EE32F6C8}.Release|x86.ActiveCfg = Release|Any CPU
		{5A9B7F30-3550-4DEF-815D-7D10EE32F6C8}.Release|x86.Build.0 = Release|Any CPU
		{5A9B7F30-3550-4DEF-815D-7D10EE32F6C8}.Windows Debug|Any CPU.ActiveCfg = Debug|Any CPU
		{5A9B7F30-3550-4DEF-815D-7D10EE32F6C8}.Windows Debug|Any CPU.Build.0 = Debug|Any CPU
		{5A9B7F30-3550-4DEF-815D-7D10EE32F6C8}.Windows Debug|ARM.ActiveCfg = Debug|Any CPU
		{5A9B7F30-3550-4DEF-815D-7D10EE32F6C8}.Windows Debug|ARM.Build.0 = Debug|Any CPU
		{5A9B7F30-3550-4DEF-815D-7D10EE32F6C8}.Windows Debug|x64.ActiveCfg = Debug|Any CPU
		{5A9B7F30-3550-4DEF-815D-7D10EE32F6C8}.Windows Debug|x64.Build.0 = Debug|Any CPU
		{5A9B7F30-3550-4DEF-815D-7D10EE32F6C8}.Windows Debug|x86.ActiveCfg = Debug|Any CPU
		{5A9B7F30-3550-4DEF-815D-7D10EE32F6C8}.Windows Debug|x86.Build.0 = Debug|Any CPU
		{5A9B7F30-3550-4DEF-815D-7D10EE32F6C8}.Windows Release|Any CPU.ActiveCfg = Release|Any CPU
		{5A9B7F30-3550-4DEF-815D-7D10EE32F6C8}.Windows Release|Any CPU.Build.0 = Release|Any CPU
		{5A9B7F30-3550-4DEF-815D-7D10EE32F6C8}.Windows Release|ARM.ActiveCfg = Release|Any CPU
		{5A9B7F30-3550-4DEF-815D-7D10EE32F6C8}.Windows Release|ARM.Build.0 = Release|Any CPU
		{5A9B7F30-3550-4DEF-815D-7D10EE32F6C8}.Windows Release|x64.ActiveCfg = Release|Any CPU
		{5A9B7F30-3550-4DEF-815D-7D10EE32F6C8}.Windows Release|x64.Build.0 = Release|Any CPU
		{5A9B7F30-3550-4DEF-815D-7D10EE32F6C8}.Windows Release|x86.ActiveCfg = Release|Any CPU
		{5A9B7F30-3550-4DEF-815D-7D10EE32F6C8}.Windows Release|x86.Build.0 = Release|Any CPU
	EndGlobalSection
	GlobalSection(SolutionProperties) = preSolution
		HideSolutionNode = FALSE
	EndGlobalSection
	GlobalSection(NestedProjects) = preSolution
		{C2439ABC-B2DB-4CE6-8F65-0B8C324D9F7C} = {64B6292E-330A-4D4D-997B-90994A78CD82}
		{34723496-2663-47B6-983F-92E4F03A1B15} = {6ECC95DE-030C-4925-A786-A3446DEF1E96}
		{5A9B7F30-3550-4DEF-815D-7D10EE32F6C8} = {350C17F8-4D41-499C-8868-44466680FE86}
	EndGlobalSection
	GlobalSection(ExtensibilityGlobals) = postSolution
		SolutionGuid = {CC7075D2-4365-438D-BBDC-E6201D7D8552}
	EndGlobalSection
	GlobalSection(MonoDevelopProperties) = preSolution
		StartupItem = DflatFileSourceScanner\DflatFileSourceScanner.csproj
	EndGlobalSection
EndGlobal
